
Microsoft Visual Studio Solution File, Format Version 12.00
# Visual Studio Version 17
VisualStudioVersion = 17.6.33712.159
MinimumVisualStudioVersion = 10.0.40219.1
Project("{FAE04EC0-301F-11D3-BF4B-00C04F79EFBC}") = "Clase13", "Clase13\Clase13.csproj", "{B0C0306B-BD8B-4B02-80F4-4CB2B36FAFF3}"
EndProject
Project("{FAE04EC0-301F-11D3-BF4B-00C04F79EFBC}") = "Entidades", "Entidades\Entidades.csproj", "{0E042D5D-99A4-49B9-B998-82A08D7E94F4}"
EndProject
Global
	GlobalSection(SolutionConfigurationPlatforms) = preSolution
		Debug|Any CPU = Debug|Any CPU
		Release|Any CPU = Release|Any CPU
	EndGlobalSection
	GlobalSection(ProjectConfigurationPlatforms) = postSolution
		{B0C0306B-BD8B-4B02-80F4-4CB2B36FAFF3}.Debug|Any CPU.ActiveCfg = Debug|Any CPU
		{B0C0306B-BD8B-4B02-80F4-4CB2B36FAFF3}.Debug|Any CPU.Build.0 = Debug|Any CPU
		{B0C0306B-BD8B-4B02-80F4-4CB2B36FAFF3}.Release|Any CPU.ActiveCfg = Release|Any CPU
		{B0C0306B-BD8B-4B02-80F4-4CB2B36FAFF3}.Release|Any CPU.Build.0 = Release|Any CPU
		{0E042D5D-99A4-49B9-B998-82A08D7E94F4}.Debug|Any CPU.ActiveCfg = Debug|Any CPU
		{0E042D5D-99A4-49B9-B998-82A08D7E94F4}.Debug|Any CPU.Build.0 = Debug|Any CPU
		{0E042D5D-99A4-49B9-B998-82A08D7E94F4}.Release|Any CPU.ActiveCfg = Release|Any CPU
		{0E042D5D-99A4-49B9-B998-82A08D7E94F4}.Release|Any CPU.Build.0 = Release|Any CPU
	EndGlobalSection
	GlobalSection(SolutionProperties) = preSolution
		HideSolutionNode = FALSE
	EndGlobalSection
	GlobalSection(ExtensibilityGlobals) = postSolution
		SolutionGuid = {02B9B2B6-D65A-427C-B8B7-1DBD1D93F403}
	EndGlobalSection
EndGlobal
