
Microsoft Visual Studio Solution File, Format Version 12.00
# Visual Studio Version 17
VisualStudioVersion = 17.6.33723.286
MinimumVisualStudioVersion = 10.0.40219.1
Project("{FAE04EC0-301F-11D3-BF4B-00C04F79EFBC}") = "Clase16", "Clase16\Clase16.csproj", "{FA6C79FA-C108-4713-9126-810B00A229A7}"
EndProject
Project("{FAE04EC0-301F-11D3-BF4B-00C04F79EFBC}") = "Entidades", "Entidades\Entidades.csproj", "{5FF43E58-380E-477B-971A-CBFD02CE5AC8}"
EndProject
Global
	GlobalSection(SolutionConfigurationPlatforms) = preSolution
		Debug|Any CPU = Debug|Any CPU
		Release|Any CPU = Release|Any CPU
	EndGlobalSection
	GlobalSection(ProjectConfigurationPlatforms) = postSolution
		{FA6C79FA-C108-4713-9126-810B00A229A7}.Debug|Any CPU.ActiveCfg = Debug|Any CPU
		{FA6C79FA-C108-4713-9126-810B00A229A7}.Debug|Any CPU.Build.0 = Debug|Any CPU
		{FA6C79FA-C108-4713-9126-810B00A229A7}.Release|Any CPU.ActiveCfg = Release|Any CPU
		{FA6C79FA-C108-4713-9126-810B00A229A7}.Release|Any CPU.Build.0 = Release|Any CPU
		{5FF43E58-380E-477B-971A-CBFD02CE5AC8}.Debug|Any CPU.ActiveCfg = Debug|Any CPU
		{5FF43E58-380E-477B-971A-CBFD02CE5AC8}.Debug|Any CPU.Build.0 = Debug|Any CPU
		{5FF43E58-380E-477B-971A-CBFD02CE5AC8}.Release|Any CPU.ActiveCfg = Release|Any CPU
		{5FF43E58-380E-477B-971A-CBFD02CE5AC8}.Release|Any CPU.Build.0 = Release|Any CPU
	EndGlobalSection
	GlobalSection(SolutionProperties) = preSolution
		HideSolutionNode = FALSE
	EndGlobalSection
	GlobalSection(ExtensibilityGlobals) = postSolution
		SolutionGuid = {F6E1FEAE-E481-4B14-A72E-58F3813E6526}
	EndGlobalSection
EndGlobal
