
Microsoft Visual Studio Solution File, Format Version 12.00
# Visual Studio Version 17
VisualStudioVersion = 17.5.33516.290
MinimumVisualStudioVersion = 10.0.40219.1
Project("{FAE04EC0-301F-11D3-BF4B-00C04F79EFBC}") = "Clase01", "Clase01\Clase01.csproj", "{D92FAA28-9E81-48C5-9C11-90E82F649C1C}"
EndProject
Global
	GlobalSection(SolutionConfigurationPlatforms) = preSolution
		Debug|Any CPU = Debug|Any CPU
		Release|Any CPU = Release|Any CPU
	EndGlobalSection
	GlobalSection(ProjectConfigurationPlatforms) = postSolution
		{D92FAA28-9E81-48C5-9C11-90E82F649C1C}.Debug|Any CPU.ActiveCfg = Debug|Any CPU
		{D92FAA28-9E81-48C5-9C11-90E82F649C1C}.Debug|Any CPU.Build.0 = Debug|Any CPU
		{D92FAA28-9E81-48C5-9C11-90E82F649C1C}.Release|Any CPU.ActiveCfg = Release|Any CPU
		{D92FAA28-9E81-48C5-9C11-90E82F649C1C}.Release|Any CPU.Build.0 = Release|Any CPU
	EndGlobalSection
	GlobalSection(SolutionProperties) = preSolution
		HideSolutionNode = FALSE
	EndGlobalSection
	GlobalSection(ExtensibilityGlobals) = postSolution
		SolutionGuid = {D2242D54-54DD-4D2C-BD23-BD4EE9267F62}
	EndGlobalSection
EndGlobal
